// !$*UTF8*$!
{
	archiveVersion = 1;
	classes = {
	};
	objectVersion = 50;
	objects = {

/* Begin PBXBuildFile section */
		BFC0242920BE5C42000A5018 /* AppDelegate.swift in Sources */ = {isa = PBXBuildFile; fileRef = BFC0242820BE5C42000A5018 /* AppDelegate.swift */; };
		BFC0242B20BE5C42000A5018 /* ViewController.swift in Sources */ = {isa = PBXBuildFile; fileRef = BFC0242A20BE5C42000A5018 /* ViewController.swift */; };
		BFC0242E20BE5C42000A5018 /* Main.storyboard in Resources */ = {isa = PBXBuildFile; fileRef = BFC0242C20BE5C42000A5018 /* Main.storyboard */; };
		BFC0243120BE5C42000A5018 /* EPLife.xcdatamodeld in Sources */ = {isa = PBXBuildFile; fileRef = BFC0242F20BE5C42000A5018 /* EPLife.xcdatamodeld */; };
		BFC0243320BE5C44000A5018 /* Assets.xcassets in Resources */ = {isa = PBXBuildFile; fileRef = BFC0243220BE5C44000A5018 /* Assets.xcassets */; };
		BFC0243620BE5C44000A5018 /* LaunchScreen.storyboard in Resources */ = {isa = PBXBuildFile; fileRef = BFC0243420BE5C44000A5018 /* LaunchScreen.storyboard */; };
		BFC0243F20BE5CDF000A5018 /* Crashlytics.framework in Frameworks */ = {isa = PBXBuildFile; fileRef = BFC0243D20BE5CDF000A5018 /* Crashlytics.framework */; };
		BFC0244020BE5CDF000A5018 /* Fabric.framework in Frameworks */ = {isa = PBXBuildFile; fileRef = BFC0243E20BE5CDF000A5018 /* Fabric.framework */; };
/* End PBXBuildFile section */

/* Begin PBXFileReference section */
		BFC0242520BE5C42000A5018 /* EPLife.app */ = {isa = PBXFileReference; explicitFileType = wrapper.application; includeInIndex = 0; path = EPLife.app; sourceTree = BUILT_PRODUCTS_DIR; };
		BFC0242820BE5C42000A5018 /* AppDelegate.swift */ = {isa = PBXFileReference; lastKnownFileType = sourcecode.swift; path = AppDelegate.swift; sourceTree = "<group>"; };
		BFC0242A20BE5C42000A5018 /* ViewController.swift */ = {isa = PBXFileReference; lastKnownFileType = sourcecode.swift; path = ViewController.swift; sourceTree = "<group>"; };
		BFC0242D20BE5C42000A5018 /* Base */ = {isa = PBXFileReference; lastKnownFileType = file.storyboard; name = Base; path = Base.lproj/Main.storyboard; sourceTree = "<group>"; };
		BFC0243020BE5C42000A5018 /* EPLife.xcdatamodel */ = {isa = PBXFileReference; lastKnownFileType = wrapper.xcdatamodel; path = EPLife.xcdatamodel; sourceTree = "<group>"; };
		BFC0243220BE5C44000A5018 /* Assets.xcassets */ = {isa = PBXFileReference; lastKnownFileType = folder.assetcatalog; path = Assets.xcassets; sourceTree = "<group>"; };
		BFC0243520BE5C44000A5018 /* Base */ = {isa = PBXFileReference; lastKnownFileType = file.storyboard; name = Base; path = Base.lproj/LaunchScreen.storyboard; sourceTree = "<group>"; };
		BFC0243720BE5C44000A5018 /* Info.plist */ = {isa = PBXFileReference; lastKnownFileType = text.plist.xml; path = Info.plist; sourceTree = "<group>"; };
		BFC0243D20BE5CDF000A5018 /* Crashlytics.framework */ = {isa = PBXFileReference; lastKnownFileType = wrapper.framework; path = Crashlytics.framework; sourceTree = "<group>"; };
		BFC0243E20BE5CDF000A5018 /* Fabric.framework */ = {isa = PBXFileReference; lastKnownFileType = wrapper.framework; path = Fabric.framework; sourceTree = "<group>"; };
/* End PBXFileReference section */

/* Begin PBXFrameworksBuildPhase section */
		BFC0242220BE5C42000A5018 /* Frameworks */ = {
			isa = PBXFrameworksBuildPhase;
			buildActionMask = 2147483647;
			files = (
				BFC0243F20BE5CDF000A5018 /* Crashlytics.framework in Frameworks */,
				BFC0244020BE5CDF000A5018 /* Fabric.framework in Frameworks */,
			);
			runOnlyForDeploymentPostprocessing = 0;
		};
/* End PBXFrameworksBuildPhase section */

/* Begin PBXGroup section */
		BFC0241C20BE5C42000A5018 = {
			isa = PBXGroup;
			children = (
				BFC0243D20BE5CDF000A5018 /* Crashlytics.framework */,
				BFC0243E20BE5CDF000A5018 /* Fabric.framework */,
				BFC0242720BE5C42000A5018 /* EPLife */,
				BFC0242620BE5C42000A5018 /* Products */,
			);
			sourceTree = "<group>";
		};
		BFC0242620BE5C42000A5018 /* Products */ = {
			isa = PBXGroup;
			children = (
				BFC0242520BE5C42000A5018 /* EPLife.app */,
			);
			name = Products;
			sourceTree = "<group>";
		};
		BFC0242720BE5C42000A5018 /* EPLife */ = {
			isa = PBXGroup;
			children = (
				BFC0242820BE5C42000A5018 /* AppDelegate.swift */,
				BFC0242A20BE5C42000A5018 /* ViewController.swift */,
				BFC0242C20BE5C42000A5018 /* Main.storyboard */,
				BFC0243220BE5C44000A5018 /* Assets.xcassets */,
				BFC0243420BE5C44000A5018 /* LaunchScreen.storyboard */,
				BFC0243720BE5C44000A5018 /* Info.plist */,
				BFC0242F20BE5C42000A5018 /* EPLife.xcdatamodeld */,
			);
			path = EPLife;
			sourceTree = "<group>";
		};
/* End PBXGroup section */

/* Begin PBXNativeTarget section */
		BFC0242420BE5C42000A5018 /* EPLife */ = {
			isa = PBXNativeTarget;
			buildConfigurationList = BFC0243A20BE5C44000A5018 /* Build configuration list for PBXNativeTarget "EPLife" */;
			buildPhases = (
				BFC0242120BE5C42000A5018 /* Sources */,
				BFC0242220BE5C42000A5018 /* Frameworks */,
				BFC0242320BE5C42000A5018 /* Resources */,
				BFC0244120BE613B000A5018 /* ShellScript */,
			);
			buildRules = (
			);
			dependencies = (
			);
			name = EPLife;
			productName = EPLife;
			productReference = BFC0242520BE5C42000A5018 /* EPLife.app */;
			productType = "com.apple.product-type.application";
		};
/* End PBXNativeTarget section */

/* Begin PBXProject section */
		BFC0241D20BE5C42000A5018 /* Project object */ = {
			isa = PBXProject;
			attributes = {
				LastSwiftUpdateCheck = 0930;
				LastUpgradeCheck = 0930;
				ORGANIZATIONNAME = louis;
				TargetAttributes = {
					BFC0242420BE5C42000A5018 = {
						CreatedOnToolsVersion = 9.3;
					};
				};
			};
			buildConfigurationList = BFC0242020BE5C42000A5018 /* Build configuration list for PBXProject "EPLife" */;
			compatibilityVersion = "Xcode 9.3";
			developmentRegion = en;
			hasScannedForEncodings = 0;
			knownRegions = (
				en,
				Base,
			);
			mainGroup = BFC0241C20BE5C42000A5018;
			productRefGroup = BFC0242620BE5C42000A5018 /* Products */;
			projectDirPath = "";
			projectRoot = "";
			targets = (
				BFC0242420BE5C42000A5018 /* EPLife */,
			);
		};
/* End PBXProject section */

/* Begin PBXResourcesBuildPhase section */
		BFC0242320BE5C42000A5018 /* Resources */ = {
			isa = PBXResourcesBuildPhase;
			buildActionMask = 2147483647;
			files = (
				BFC0243620BE5C44000A5018 /* LaunchScreen.storyboard in Resources */,
				BFC0243320BE5C44000A5018 /* Assets.xcassets in Resources */,
				BFC0242E20BE5C42000A5018 /* Main.storyboard in Resources */,
			);
			runOnlyForDeploymentPostprocessing = 0;
		};
/* End PBXResourcesBuildPhase section */

/* Begin PBXShellScriptBuildPhase section */
		BFC0244120BE613B000A5018 /* ShellScript */ = {
			isa = PBXShellScriptBuildPhase;
			buildActionMask = 2147483647;
			files = (
			);
			inputPaths = (
			);
			outputPaths = (
			);
			runOnlyForDeploymentPostprocessing = 0;
			shellPath = /bin/sh;
			shellScript = "\"${PROJECT_DIR}/Fabric.framework/run\" c573d8f9475e4b9666709589c6d8cc82e2c295b7 04f96ca9e11e53b743794cd31329487c531dbe9835d9e50a4369a83b4cd4897b";
		};
/* End PBXShellScriptBuildPhase section */

/* Begin PBXSourcesBuildPhase section */
		BFC0242120BE5C42000A5018 /* Sources */ = {
			isa = PBXSourcesBuildPhase;
			buildActionMask = 2147483647;
			files = (
				BFC0243120BE5C42000A5018 /* EPLife.xcdatamodeld in Sources */,
				BFC0242B20BE5C42000A5018 /* ViewController.swift in Sources */,
				BFC0242920BE5C42000A5018 /* AppDelegate.swift in Sources */,
			);
			runOnlyForDeploymentPostprocessing = 0;
		};
/* End PBXSourcesBuildPhase section */

/* Begin PBXVariantGroup section */
		BFC0242C20BE5C42000A5018 /* Main.storyboard */ = {
			isa = PBXVariantGroup;
			children = (
				BFC0242D20BE5C42000A5018 /* Base */,
			);
			name = Main.storyboard;
			sourceTree = "<group>";
		};
		BFC0243420BE5C44000A5018 /* LaunchScreen.storyboard */ = {
			isa = PBXVariantGroup;
			children = (
				BFC0243520BE5C44000A5018 /* Base */,
			);
			name = LaunchScreen.storyboard;
			sourceTree = "<group>";
		};
/* End PBXVariantGroup section */

/* Begin XCBuildConfiguration section */
		BFC0243820BE5C44000A5018 /* Debug */ = {
			isa = XCBuildConfiguration;
			buildSettings = {
				ALWAYS_SEARCH_USER_PATHS = NO;
				CLANG_ANALYZER_NONNULL = YES;
				CLANG_ANALYZER_NUMBER_OBJECT_CONVERSION = YES_AGGRESSIVE;
				CLANG_CXX_LANGUAGE_STANDARD = "gnu++14";
				CLANG_CXX_LIBRARY = "libc++";
				CLANG_ENABLE_MODULES = YES;
				CLANG_ENABLE_OBJC_ARC = YES;
				CLANG_ENABLE_OBJC_WEAK = YES;
				CLANG_WARN_BLOCK_CAPTURE_AUTORELEASING = YES;
				CLANG_WARN_BOOL_CONVERSION = YES;
				CLANG_WARN_COMMA = YES;
				CLANG_WARN_CONSTANT_CONVERSION = YES;
				CLANG_WARN_DEPRECATED_OBJC_IMPLEMENTATIONS = YES;
				CLANG_WARN_DIRECT_OBJC_ISA_USAGE = YES_ERROR;
				CLANG_WARN_DOCUMENTATION_COMMENTS = YES;
				CLANG_WARN_EMPTY_BODY = YES;
				CLANG_WARN_ENUM_CONVERSION = YES;
				CLANG_WARN_INFINITE_RECURSION = YES;
				CLANG_WARN_INT_CONVERSION = YES;
				CLANG_WARN_NON_LITERAL_NULL_CONVERSION = YES;
				CLANG_WARN_OBJC_IMPLICIT_RETAIN_SELF = YES;
				CLANG_WARN_OBJC_LITERAL_CONVERSION = YES;
				CLANG_WARN_OBJC_ROOT_CLASS = YES_ERROR;
				CLANG_WARN_RANGE_LOOP_ANALYSIS = YES;
				CLANG_WARN_STRICT_PROTOTYPES = YES;
				CLANG_WARN_SUSPICIOUS_MOVE = YES;
				CLANG_WARN_UNGUARDED_AVAILABILITY = YES_AGGRESSIVE;
				CLANG_WARN_UNREACHABLE_CODE = YES;
				CLANG_WARN__DUPLICATE_METHOD_MATCH = YES;
				CODE_SIGN_IDENTITY = "iPhone Developer";
				COPY_PHASE_STRIP = NO;
				DEBUG_INFORMATION_FORMAT = dwarf;
				ENABLE_STRICT_OBJC_MSGSEND = YES;
				ENABLE_TESTABILITY = YES;
				GCC_C_LANGUAGE_STANDARD = gnu11;
				GCC_DYNAMIC_NO_PIC = NO;
				GCC_NO_COMMON_BLOCKS = YES;
				GCC_OPTIMIZATION_LEVEL = 0;
				GCC_PREPROCESSOR_DEFINITIONS = (
					"DEBUG=1",
					"$(inherited)",
				);
				GCC_WARN_64_TO_32_BIT_CONVERSION = YES;
				GCC_WARN_ABOUT_RETURN_TYPE = YES_ERROR;
				GCC_WARN_UNDECLARED_SELECTOR = YES;
				GCC_WARN_UNINITIALIZED_AUTOS = YES_AGGRESSIVE;
				GCC_WARN_UNUSED_FUNCTION = YES;
				GCC_WARN_UNUSED_VARIABLE = YES;
				IPHONEOS_DEPLOYMENT_TARGET = 11.3;
				MTL_ENABLE_DEBUG_INFO = YES;
				ONLY_ACTIVE_ARCH = YES;
				SDKROOT = iphoneos;
				SWIFT_ACTIVE_COMPILATION_CONDITIONS = DEBUG;
				SWIFT_OPTIMIZATION_LEVEL = "-Onone";
			};
			name = Debug;
		};
		BFC0243920BE5C44000A5018 /* Release */ = {
			isa = XCBuildConfiguration;
			buildSettings = {
				ALWAYS_SEARCH_USER_PATHS = NO;
				CLANG_ANALYZER_NONNULL = YES;
				CLANG_ANALYZER_NUMBER_OBJECT_CONVERSION = YES_AGGRESSIVE;
				CLANG_CXX_LANGUAGE_STANDARD = "gnu++14";
				CLANG_CXX_LIBRARY = "libc++";
				CLANG_ENABLE_MODULES = YES;
				CLANG_ENABLE_OBJC_ARC = YES;
				CLANG_ENABLE_OBJC_WEAK = YES;
				CLANG_WARN_BLOCK_CAPTURE_AUTORELEASING = YES;
				CLANG_WARN_BOOL_CONVERSION = YES;
				CLANG_WARN_COMMA = YES;
				CLANG_WARN_CONSTANT_CONVERSION = YES;
				CLANG_WARN_DEPRECATED_OBJC_IMPLEMENTATIONS = YES;
				CLANG_WARN_DIRECT_OBJC_ISA_USAGE = YES_ERROR;
				CLANG_WARN_DOCUMENTATION_COMMENTS = YES;
				CLANG_WARN_EMPTY_BODY = YES;
				CLANG_WARN_ENUM_CONVERSION = YES;
				CLANG_WARN_INFINITE_RECURSION = YES;
				CLANG_WARN_INT_CONVERSION = YES;
				CLANG_WARN_NON_LITERAL_NULL_CONVERSION = YES;
				CLANG_WARN_OBJC_IMPLICIT_RETAIN_SELF = YES;
				CLANG_WARN_OBJC_LITERAL_CONVERSION = YES;
				CLANG_WARN_OBJC_ROOT_CLASS = YES_ERROR;
				CLANG_WARN_RANGE_LOOP_ANALYSIS = YES;
				CLANG_WARN_STRICT_PROTOTYPES = YES;
				CLANG_WARN_SUSPICIOUS_MOVE = YES;
				CLANG_WARN_UNGUARDED_AVAILABILITY = YES_AGGRESSIVE;
				CLANG_WARN_UNREACHABLE_CODE = YES;
				CLANG_WARN__DUPLICATE_METHOD_MATCH = YES;
				CODE_SIGN_IDENTITY = "iPhone Developer";
				COPY_PHASE_STRIP = NO;
				DEBUG_INFORMATION_FORMAT = "dwarf-with-dsym";
				ENABLE_NS_ASSERTIONS = NO;
				ENABLE_STRICT_OBJC_MSGSEND = YES;
				GCC_C_LANGUAGE_STANDARD = gnu11;
				GCC_NO_COMMON_BLOCKS = YES;
				GCC_WARN_64_TO_32_BIT_CONVERSION = YES;
				GCC_WARN_ABOUT_RETURN_TYPE = YES_ERROR;
				GCC_WARN_UNDECLARED_SELECTOR = YES;
				GCC_WARN_UNINITIALIZED_AUTOS = YES_AGGRESSIVE;
				GCC_WARN_UNUSED_FUNCTION = YES;
				GCC_WARN_UNUSED_VARIABLE = YES;
				IPHONEOS_DEPLOYMENT_TARGET = 11.3;
				MTL_ENABLE_DEBUG_INFO = NO;
				SDKROOT = iphoneos;
				SWIFT_COMPILATION_MODE = wholemodule;
				SWIFT_OPTIMIZATION_LEVEL = "-O";
				VALIDATE_PRODUCT = YES;
			};
			name = Release;
		};
		BFC0243B20BE5C44000A5018 /* Debug */ = {
			isa = XCBuildConfiguration;
			buildSettings = {
				ASSETCATALOG_COMPILER_APPICON_NAME = AppIcon;
				CODE_SIGN_STYLE = Automatic;
				DEVELOPMENT_TEAM = V3X7X6WG69;
				FRAMEWORK_SEARCH_PATHS = (
					"$(inherited)",
					"$(PROJECT_DIR)",
				);
				INFOPLIST_FILE = EPLife/Info.plist;
				LD_RUNPATH_SEARCH_PATHS = (
					"$(inherited)",
					"@executable_path/Frameworks",
				);
				PRODUCT_BUNDLE_IDENTIFIER = com.louis.EPLife;
				PRODUCT_NAME = "$(TARGET_NAME)";
				SWIFT_VERSION = 4.0;
				TARGETED_DEVICE_FAMILY = 1;
			};
			name = Debug;
		};
		BFC0243C20BE5C44000A5018 /* Release */ = {
			isa = XCBuildConfiguration;
			buildSettings = {
				ASSETCATALOG_COMPILER_APPICON_NAME = AppIcon;
				CODE_SIGN_STYLE = Automatic;
				DEVELOPMENT_TEAM = V3X7X6WG69;
				FRAMEWORK_SEARCH_PATHS = (
					"$(inherited)",
					"$(PROJECT_DIR)",
				);
				INFOPLIST_FILE = EPLife/Info.plist;
				LD_RUNPATH_SEARCH_PATHS = (
					"$(inherited)",
					"@executable_path/Frameworks",
				);
				PRODUCT_BUNDLE_IDENTIFIER = com.louis.EPLife;
				PRODUCT_NAME = "$(TARGET_NAME)";
				SWIFT_VERSION = 4.0;
				TARGETED_DEVICE_FAMILY = 1;
			};
			name = Release;
		};
/* End XCBuildConfiguration section */

/* Begin XCConfigurationList section */
		BFC0242020BE5C42000A5018 /* Build configuration list for PBXProject "EPLife" */ = {
			isa = XCConfigurationList;
			buildConfigurations = (
				BFC0243820BE5C44000A5018 /* Debug */,
				BFC0243920BE5C44000A5018 /* Release */,
			);
			defaultConfigurationIsVisible = 0;
			defaultConfigurationName = Release;
		};
		BFC0243A20BE5C44000A5018 /* Build configuration list for PBXNativeTarget "EPLife" */ = {
			isa = XCConfigurationList;
			buildConfigurations = (
				BFC0243B20BE5C44000A5018 /* Debug */,
				BFC0243C20BE5C44000A5018 /* Release */,
			);
			defaultConfigurationIsVisible = 0;
			defaultConfigurationName = Release;
		};
/* End XCConfigurationList section */

/* Begin XCVersionGroup section */
		BFC0242F20BE5C42000A5018 /* EPLife.xcdatamodeld */ = {
			isa = XCVersionGroup;
			children = (
				BFC0243020BE5C42000A5018 /* EPLife.xcdatamodel */,
			);
			currentVersion = BFC0243020BE5C42000A5018 /* EPLife.xcdatamodel */;
			path = EPLife.xcdatamodeld;
			sourceTree = "<group>";
			versionGroupType = wrapper.xcdatamodel;
		};
/* End XCVersionGroup section */
	};
	rootObject = BFC0241D20BE5C42000A5018 /* Project object */;
}
